// !$*UTF8*$!
{
	archiveVersion = 1;
	classes = {
	};
	objectVersion = 46;
	objects = {

/* Begin PBXBuildFile section */
		3270A3371F312C6A00BECEE4 /* AppDelegate.swift in Sources */ = {isa = PBXBuildFile; fileRef = 3270A3361F312C6A00BECEE4 /* AppDelegate.swift */; };
		3270A3391F312C6A00BECEE4 /* ViewController.swift in Sources */ = {isa = PBXBuildFile; fileRef = 3270A3381F312C6A00BECEE4 /* ViewController.swift */; };
		3270A33C1F312C6A00BECEE4 /* Main.storyboard in Resources */ = {isa = PBXBuildFile; fileRef = 3270A33A1F312C6A00BECEE4 /* Main.storyboard */; };
		3270A33F1F312C6A00BECEE4 /* FaceFind.xcdatamodeld in Sources */ = {isa = PBXBuildFile; fileRef = 3270A33D1F312C6A00BECEE4 /* FaceFind.xcdatamodeld */; };
		3270A3411F312C6A00BECEE4 /* Assets.xcassets in Resources */ = {isa = PBXBuildFile; fileRef = 3270A3401F312C6A00BECEE4 /* Assets.xcassets */; };
		3270A3441F312C6A00BECEE4 /* LaunchScreen.storyboard in Resources */ = {isa = PBXBuildFile; fileRef = 3270A3421F312C6A00BECEE4 /* LaunchScreen.storyboard */; };
		3270A34F1F312C6B00BECEE4 /* FaceFindTests.swift in Sources */ = {isa = PBXBuildFile; fileRef = 3270A34E1F312C6B00BECEE4 /* FaceFindTests.swift */; };
		3270A35A1F312E7000BECEE4 /* CameraViewController.swift in Sources */ = {isa = PBXBuildFile; fileRef = 3270A3591F312E7000BECEE4 /* CameraViewController.swift */; };
/* End PBXBuildFile section */

/* Begin PBXContainerItemProxy section */
		3270A34B1F312C6B00BECEE4 /* PBXContainerItemProxy */ = {
			isa = PBXContainerItemProxy;
			containerPortal = 3270A32B1F312C6A00BECEE4 /* Project object */;
			proxyType = 1;
			remoteGlobalIDString = 3270A3321F312C6A00BECEE4;
			remoteInfo = FaceFind;
		};
/* End PBXContainerItemProxy section */

/* Begin PBXFileReference section */
		3270A3331F312C6A00BECEE4 /* FaceFind.app */ = {isa = PBXFileReference; explicitFileType = wrapper.application; includeInIndex = 0; path = FaceFind.app; sourceTree = BUILT_PRODUCTS_DIR; };
		3270A3361F312C6A00BECEE4 /* AppDelegate.swift */ = {isa = PBXFileReference; lastKnownFileType = sourcecode.swift; path = AppDelegate.swift; sourceTree = "<group>"; };
		3270A3381F312C6A00BECEE4 /* ViewController.swift */ = {isa = PBXFileReference; lastKnownFileType = sourcecode.swift; path = ViewController.swift; sourceTree = "<group>"; };
		3270A33B1F312C6A00BECEE4 /* Base */ = {isa = PBXFileReference; lastKnownFileType = file.storyboard; name = Base; path = Base.lproj/Main.storyboard; sourceTree = "<group>"; };
		3270A33E1F312C6A00BECEE4 /* FaceFind.xcdatamodel */ = {isa = PBXFileReference; lastKnownFileType = wrapper.xcdatamodel; path = FaceFind.xcdatamodel; sourceTree = "<group>"; };
		3270A3401F312C6A00BECEE4 /* Assets.xcassets */ = {isa = PBXFileReference; lastKnownFileType = folder.assetcatalog; path = Assets.xcassets; sourceTree = "<group>"; };
		3270A3431F312C6A00BECEE4 /* Base */ = {isa = PBXFileReference; lastKnownFileType = file.storyboard; name = Base; path = Base.lproj/LaunchScreen.storyboard; sourceTree = "<group>"; };
		3270A3451F312C6A00BECEE4 /* Info.plist */ = {isa = PBXFileReference; lastKnownFileType = text.plist.xml; path = Info.plist; sourceTree = "<group>"; };
		3270A34A1F312C6B00BECEE4 /* FaceFindTests.xctest */ = {isa = PBXFileReference; explicitFileType = wrapper.cfbundle; includeInIndex = 0; path = FaceFindTests.xctest; sourceTree = BUILT_PRODUCTS_DIR; };
		3270A34E1F312C6B00BECEE4 /* FaceFindTests.swift */ = {isa = PBXFileReference; lastKnownFileType = sourcecode.swift; path = FaceFindTests.swift; sourceTree = "<group>"; };
		3270A3501F312C6B00BECEE4 /* Info.plist */ = {isa = PBXFileReference; lastKnownFileType = text.plist.xml; path = Info.plist; sourceTree = "<group>"; };
		3270A3591F312E7000BECEE4 /* CameraViewController.swift */ = {isa = PBXFileReference; fileEncoding = 4; lastKnownFileType = sourcecode.swift; path = CameraViewController.swift; sourceTree = "<group>"; };
/* End PBXFileReference section */

/* Begin PBXFrameworksBuildPhase section */
		3270A3301F312C6A00BECEE4 /* Frameworks */ = {
			isa = PBXFrameworksBuildPhase;
			buildActionMask = 2147483647;
			files = (
			);
			runOnlyForDeploymentPostprocessing = 0;
		};
		3270A3471F312C6B00BECEE4 /* Frameworks */ = {
			isa = PBXFrameworksBuildPhase;
			buildActionMask = 2147483647;
			files = (
			);
			runOnlyForDeploymentPostprocessing = 0;
		};
/* End PBXFrameworksBuildPhase section */

/* Begin PBXGroup section */
		3270A32A1F312C6A00BECEE4 = {
			isa = PBXGroup;
			children = (
				3270A3351F312C6A00BECEE4 /* FaceFind */,
				3270A34D1F312C6B00BECEE4 /* FaceFindTests */,
				3270A3341F312C6A00BECEE4 /* Products */,
			);
			sourceTree = "<group>";
		};
		3270A3341F312C6A00BECEE4 /* Products */ = {
			isa = PBXGroup;
			children = (
				3270A3331F312C6A00BECEE4 /* FaceFind.app */,
				3270A34A1F312C6B00BECEE4 /* FaceFindTests.xctest */,
			);
			name = Products;
			sourceTree = "<group>";
		};
		3270A3351F312C6A00BECEE4 /* FaceFind */ = {
			isa = PBXGroup;
			children = (
				3270A3361F312C6A00BECEE4 /* AppDelegate.swift */,
				3270A3381F312C6A00BECEE4 /* ViewController.swift */,
				3270A33A1F312C6A00BECEE4 /* Main.storyboard */,
				3270A3591F312E7000BECEE4 /* CameraViewController.swift */,
				3270A3401F312C6A00BECEE4 /* Assets.xcassets */,
				3270A3421F312C6A00BECEE4 /* LaunchScreen.storyboard */,
				3270A3451F312C6A00BECEE4 /* Info.plist */,
				3270A33D1F312C6A00BECEE4 /* FaceFind.xcdatamodeld */,
			);
			path = FaceFind;
			sourceTree = "<group>";
		};
		3270A34D1F312C6B00BECEE4 /* FaceFindTests */ = {
			isa = PBXGroup;
			children = (
				3270A34E1F312C6B00BECEE4 /* FaceFindTests.swift */,
				3270A3501F312C6B00BECEE4 /* Info.plist */,
			);
			path = FaceFindTests;
			sourceTree = "<group>";
		};
/* End PBXGroup section */

/* Begin PBXNativeTarget section */
		3270A3321F312C6A00BECEE4 /* FaceFind */ = {
			isa = PBXNativeTarget;
			buildConfigurationList = 3270A3531F312C6B00BECEE4 /* Build configuration list for PBXNativeTarget "FaceFind" */;
			buildPhases = (
				3270A32F1F312C6A00BECEE4 /* Sources */,
				3270A3301F312C6A00BECEE4 /* Frameworks */,
				3270A3311F312C6A00BECEE4 /* Resources */,
			);
			buildRules = (
			);
			dependencies = (
			);
			name = FaceFind;
			productName = FaceFind;
			productReference = 3270A3331F312C6A00BECEE4 /* FaceFind.app */;
			productType = "com.apple.product-type.application";
		};
		3270A3491F312C6B00BECEE4 /* FaceFindTests */ = {
			isa = PBXNativeTarget;
			buildConfigurationList = 3270A3561F312C6B00BECEE4 /* Build configuration list for PBXNativeTarget "FaceFindTests" */;
			buildPhases = (
				3270A3461F312C6B00BECEE4 /* Sources */,
				3270A3471F312C6B00BECEE4 /* Frameworks */,
				3270A3481F312C6B00BECEE4 /* Resources */,
			);
			buildRules = (
			);
			dependencies = (
				3270A34C1F312C6B00BECEE4 /* PBXTargetDependency */,
			);
			name = FaceFindTests;
			productName = FaceFindTests;
			productReference = 3270A34A1F312C6B00BECEE4 /* FaceFindTests.xctest */;
			productType = "com.apple.product-type.bundle.unit-test";
		};
/* End PBXNativeTarget section */

/* Begin PBXProject section */
		3270A32B1F312C6A00BECEE4 /* Project object */ = {
			isa = PBXProject;
			attributes = {
				LastSwiftUpdateCheck = 0830;
				LastUpgradeCheck = 0830;
				ORGANIZATIONNAME = "Cameron Wilcox";
				TargetAttributes = {
					3270A3321F312C6A00BECEE4 = {
						CreatedOnToolsVersion = 8.3.3;
						DevelopmentTeam = 77BY68R34P;
						ProvisioningStyle = Automatic;
					};
					3270A3491F312C6B00BECEE4 = {
						CreatedOnToolsVersion = 8.3.3;
						DevelopmentTeam = 77BY68R34P;
						ProvisioningStyle = Automatic;
						TestTargetID = 3270A3321F312C6A00BECEE4;
					};
				};
			};
			buildConfigurationList = 3270A32E1F312C6A00BECEE4 /* Build configuration list for PBXProject "FaceFind" */;
			compatibilityVersion = "Xcode 3.2";
			developmentRegion = English;
			hasScannedForEncodings = 0;
			knownRegions = (
				en,
				Base,
			);
			mainGroup = 3270A32A1F312C6A00BECEE4;
			productRefGroup = 3270A3341F312C6A00BECEE4 /* Products */;
			projectDirPath = "";
			projectRoot = "";
			targets = (
				3270A3321F312C6A00BECEE4 /* FaceFind */,
				3270A3491F312C6B00BECEE4 /* FaceFindTests */,
			);
		};
/* End PBXProject section */

/* Begin PBXResourcesBuildPhase section */
		3270A3311F312C6A00BECEE4 /* Resources */ = {
			isa = PBXResourcesBuildPhase;
			buildActionMask = 2147483647;
			files = (
				3270A3441F312C6A00BECEE4 /* LaunchScreen.storyboard in Resources */,
				3270A3411F312C6A00BECEE4 /* Assets.xcassets in Resources */,
				3270A33C1F312C6A00BECEE4 /* Main.storyboard in Resources */,
			);
			runOnlyForDeploymentPostprocessing = 0;
		};
		3270A3481F312C6B00BECEE4 /* Resources */ = {
			isa = PBXResourcesBuildPhase;
			buildActionMask = 2147483647;
			files = (
			);
			runOnlyForDeploymentPostprocessing = 0;
		};
/* End PBXResourcesBuildPhase section */

/* Begin PBXSourcesBuildPhase section */
		3270A32F1F312C6A00BECEE4 /* Sources */ = {
			isa = PBXSourcesBuildPhase;
			buildActionMask = 2147483647;
			files = (
				3270A3391F312C6A00BECEE4 /* ViewController.swift in Sources */,
				3270A35A1F312E7000BECEE4 /* CameraViewController.swift in Sources */,
				3270A3371F312C6A00BECEE4 /* AppDelegate.swift in Sources */,
				3270A33F1F312C6A00BECEE4 /* FaceFind.xcdatamodeld in Sources */,
			);
			runOnlyForDeploymentPostprocessing = 0;
		};
		3270A3461F312C6B00BECEE4 /* Sources */ = {
			isa = PBXSourcesBuildPhase;
			buildActionMask = 2147483647;
			files = (
				3270A34F1F312C6B00BECEE4 /* FaceFindTests.swift in Sources */,
			);
			runOnlyForDeploymentPostprocessing = 0;
		};
/* End PBXSourcesBuildPhase section */

/* Begin PBXTargetDependency section */
		3270A34C1F312C6B00BECEE4 /* PBXTargetDependency */ = {
			isa = PBXTargetDependency;
			target = 3270A3321F312C6A00BECEE4 /* FaceFind */;
			targetProxy = 3270A34B1F312C6B00BECEE4 /* PBXContainerItemProxy */;
		};
/* End PBXTargetDependency section */

/* Begin PBXVariantGroup section */
		3270A33A1F312C6A00BECEE4 /* Main.storyboard */ = {
			isa = PBXVariantGroup;
			children = (
				3270A33B1F312C6A00BECEE4 /* Base */,
			);
			name = Main.storyboard;
			sourceTree = "<group>";
		};
		3270A3421F312C6A00BECEE4 /* LaunchScreen.storyboard */ = {
			isa = PBXVariantGroup;
			children = (
				3270A3431F312C6A00BECEE4 /* Base */,
			);
			name = LaunchScreen.storyboard;
			sourceTree = "<group>";
		};
/* End PBXVariantGroup section */

/* Begin XCBuildConfiguration section */
		3270A3511F312C6B00BECEE4 /* Debug */ = {
			isa = XCBuildConfiguration;
			buildSettings = {
				ALWAYS_SEARCH_USER_PATHS = NO;
				CLANG_ANALYZER_NONNULL = YES;
				CLANG_ANALYZER_NUMBER_OBJECT_CONVERSION = YES_AGGRESSIVE;
				CLANG_CXX_LANGUAGE_STANDARD = "gnu++0x";
				CLANG_CXX_LIBRARY = "libc++";
				CLANG_ENABLE_MODULES = YES;
				CLANG_ENABLE_OBJC_ARC = YES;
				CLANG_WARN_BOOL_CONVERSION = YES;
				CLANG_WARN_CONSTANT_CONVERSION = YES;
				CLANG_WARN_DIRECT_OBJC_ISA_USAGE = YES_ERROR;
				CLANG_WARN_DOCUMENTATION_COMMENTS = YES;
				CLANG_WARN_EMPTY_BODY = YES;
				CLANG_WARN_ENUM_CONVERSION = YES;
				CLANG_WARN_INFINITE_RECURSION = YES;
				CLANG_WARN_INT_CONVERSION = YES;
				CLANG_WARN_OBJC_ROOT_CLASS = YES_ERROR;
				CLANG_WARN_SUSPICIOUS_MOVE = YES;
				CLANG_WARN_UNREACHABLE_CODE = YES;
				CLANG_WARN__DUPLICATE_METHOD_MATCH = YES;
				"CODE_SIGN_IDENTITY[sdk=iphoneos*]" = "iPhone Developer";
				COPY_PHASE_STRIP = NO;
				DEBUG_INFORMATION_FORMAT = dwarf;
				ENABLE_STRICT_OBJC_MSGSEND = YES;
				ENABLE_TESTABILITY = YES;
				GCC_C_LANGUAGE_STANDARD = gnu99;
				GCC_DYNAMIC_NO_PIC = NO;
				GCC_NO_COMMON_BLOCKS = YES;
				GCC_OPTIMIZATION_LEVEL = 0;
				GCC_PREPROCESSOR_DEFINITIONS = (
					"DEBUG=1",
					"$(inherited)",
				);
				GCC_WARN_64_TO_32_BIT_CONVERSION = YES;
				GCC_WARN_ABOUT_RETURN_TYPE = YES_ERROR;
				GCC_WARN_UNDECLARED_SELECTOR = YES;
				GCC_WARN_UNINITIALIZED_AUTOS = YES_AGGRESSIVE;
				GCC_WARN_UNUSED_FUNCTION = YES;
				GCC_WARN_UNUSED_VARIABLE = YES;
				IPHONEOS_DEPLOYMENT_TARGET = 10.3;
				MTL_ENABLE_DEBUG_INFO = YES;
				ONLY_ACTIVE_ARCH = YES;
				SDKROOT = iphoneos;
				SWIFT_ACTIVE_COMPILATION_CONDITIONS = DEBUG;
				SWIFT_OPTIMIZATION_LEVEL = "-Onone";
				TARGETED_DEVICE_FAMILY = "1,2";
			};
			name = Debug;
		};
		3270A3521F312C6B00BECEE4 /* Release */ = {
			isa = XCBuildConfiguration;
			buildSettings = {
				ALWAYS_SEARCH_USER_PATHS = NO;
				CLANG_ANALYZER_NONNULL = YES;
				CLANG_ANALYZER_NUMBER_OBJECT_CONVERSION = YES_AGGRESSIVE;
				CLANG_CXX_LANGUAGE_STANDARD = "gnu++0x";
				CLANG_CXX_LIBRARY = "libc++";
				CLANG_ENABLE_MODULES = YES;
				CLANG_ENABLE_OBJC_ARC = YES;
				CLANG_WARN_BOOL_CONVERSION = YES;
				CLANG_WARN_CONSTANT_CONVERSION = YES;
				CLANG_WARN_DIRECT_OBJC_ISA_USAGE = YES_ERROR;
				CLANG_WARN_DOCUMENTATION_COMMENTS = YES;
				CLANG_WARN_EMPTY_BODY = YES;
				CLANG_WARN_ENUM_CONVERSION = YES;
				CLANG_WARN_INFINITE_RECURSION = YES;
				CLANG_WARN_INT_CONVERSION = YES;
				CLANG_WARN_OBJC_ROOT_CLASS = YES_ERROR;
				CLANG_WARN_SUSPICIOUS_MOVE = YES;
				CLANG_WARN_UNREACHABLE_CODE = YES;
				CLANG_WARN__DUPLICATE_METHOD_MATCH = YES;
				"CODE_SIGN_IDENTITY[sdk=iphoneos*]" = "iPhone Developer";
				COPY_PHASE_STRIP = NO;
				DEBUG_INFORMATION_FORMAT = "dwarf-with-dsym";
				ENABLE_NS_ASSERTIONS = NO;
				ENABLE_STRICT_OBJC_MSGSEND = YES;
				GCC_C_LANGUAGE_STANDARD = gnu99;
				GCC_NO_COMMON_BLOCKS = YES;
				GCC_WARN_64_TO_32_BIT_CONVERSION = YES;
				GCC_WARN_ABOUT_RETURN_TYPE = YES_ERROR;
				GCC_WARN_UNDECLARED_SELECTOR = YES;
				GCC_WARN_UNINITIALIZED_AUTOS = YES_AGGRESSIVE;
				GCC_WARN_UNUSED_FUNCTION = YES;
				GCC_WARN_UNUSED_VARIABLE = YES;
				IPHONEOS_DEPLOYMENT_TARGET = 10.3;
				MTL_ENABLE_DEBUG_INFO = NO;
				SDKROOT = iphoneos;
				SWIFT_OPTIMIZATION_LEVEL = "-Owholemodule";
				TARGETED_DEVICE_FAMILY = "1,2";
				VALIDATE_PRODUCT = YES;
			};
			name = Release;
		};
		3270A3541F312C6B00BECEE4 /* Debug */ = {
			isa = XCBuildConfiguration;
			buildSettings = {
				ASSETCATALOG_COMPILER_APPICON_NAME = AppIcon;
				DEVELOPMENT_TEAM = 77BY68R34P;
				INFOPLIST_FILE = FaceFind/Info.plist;
				LD_RUNPATH_SEARCH_PATHS = "$(inherited) @executable_path/Frameworks";
				PRODUCT_BUNDLE_IDENTIFIER = cam.FaceFind;
				PRODUCT_NAME = "$(TARGET_NAME)";
				SWIFT_VERSION = 3.0;
			};
			name = Debug;
		};
		3270A3551F312C6B00BECEE4 /* Release */ = {
			isa = XCBuildConfiguration;
			buildSettings = {
				ASSETCATALOG_COMPILER_APPICON_NAME = AppIcon;
				DEVELOPMENT_TEAM = 77BY68R34P;
				INFOPLIST_FILE = FaceFind/Info.plist;
				LD_RUNPATH_SEARCH_PATHS = "$(inherited) @executable_path/Frameworks";
				PRODUCT_BUNDLE_IDENTIFIER = cam.FaceFind;
				PRODUCT_NAME = "$(TARGET_NAME)";
				SWIFT_VERSION = 3.0;
			};
			name = Release;
		};
		3270A3571F312C6B00BECEE4 /* Debug */ = {
			isa = XCBuildConfiguration;
			buildSettings = {
				ALWAYS_EMBED_SWIFT_STANDARD_LIBRARIES = YES;
				BUNDLE_LOADER = "$(TEST_HOST)";
				DEVELOPMENT_TEAM = 77BY68R34P;
				INFOPLIST_FILE = FaceFindTests/Info.plist;
				LD_RUNPATH_SEARCH_PATHS = "$(inherited) @executable_path/Frameworks @loader_path/Frameworks";
				PRODUCT_BUNDLE_IDENTIFIER = cam.FaceFindTests;
				PRODUCT_NAME = "$(TARGET_NAME)";
				SWIFT_VERSION = 3.0;
				TEST_HOST = "$(BUILT_PRODUCTS_DIR)/FaceFind.app/FaceFind";
			};
			name = Debug;
		};
		3270A3581F312C6B00BECEE4 /* Release */ = {
			isa = XCBuildConfiguration;
			buildSettings = {
				ALWAYS_EMBED_SWIFT_STANDARD_LIBRARIES = YES;
				BUNDLE_LOADER = "$(TEST_HOST)";
				DEVELOPMENT_TEAM = 77BY68R34P;
				INFOPLIST_FILE = FaceFindTests/Info.plist;
				LD_RUNPATH_SEARCH_PATHS = "$(inherited) @executable_path/Frameworks @loader_path/Frameworks";
				PRODUCT_BUNDLE_IDENTIFIER = cam.FaceFindTests;
				PRODUCT_NAME = "$(TARGET_NAME)";
				SWIFT_VERSION = 3.0;
				TEST_HOST = "$(BUILT_PRODUCTS_DIR)/FaceFind.app/FaceFind";
			};
			name = Release;
		};
/* End XCBuildConfiguration section */

/* Begin XCConfigurationList section */
		3270A32E1F312C6A00BECEE4 /* Build configuration list for PBXProject "FaceFind" */ = {
			isa = XCConfigurationList;
			buildConfigurations = (
				3270A3511F312C6B00BECEE4 /* Debug */,
				3270A3521F312C6B00BECEE4 /* Release */,
			);
			defaultConfigurationIsVisible = 0;
			defaultConfigurationName = Release;
		};
		3270A3531F312C6B00BECEE4 /* Build configuration list for PBXNativeTarget "FaceFind" */ = {
			isa = XCConfigurationList;
			buildConfigurations = (
				3270A3541F312C6B00BECEE4 /* Debug */,
				3270A3551F312C6B00BECEE4 /* Release */,
			);
			defaultConfigurationIsVisible = 0;
		};
		3270A3561F312C6B00BECEE4 /* Build configuration list for PBXNativeTarget "FaceFindTests" */ = {
			isa = XCConfigurationList;
			buildConfigurations = (
				3270A3571F312C6B00BECEE4 /* Debug */,
				3270A3581F312C6B00BECEE4 /* Release */,
			);
			defaultConfigurationIsVisible = 0;
		};
/* End XCConfigurationList section */

/* Begin XCVersionGroup section */
		3270A33D1F312C6A00BECEE4 /* FaceFind.xcdatamodeld */ = {
			isa = XCVersionGroup;
			children = (
				3270A33E1F312C6A00BECEE4 /* FaceFind.xcdatamodel */,
			);
			currentVersion = 3270A33E1F312C6A00BECEE4 /* FaceFind.xcdatamodel */;
			path = FaceFind.xcdatamodeld;
			sourceTree = "<group>";
			versionGroupType = wrapper.xcdatamodel;
		};
/* End XCVersionGroup section */
	};
	rootObject = 3270A32B1F312C6A00BECEE4 /* Project object */;
}
